
Microsoft Visual Studio Solution File, Format Version 12.00
# Visual Studio Version 17
VisualStudioVersion = 17.11.35219.272
MinimumVisualStudioVersion = 10.0.40219.1
Project("{FAE04EC0-301F-11D3-BF4B-00C04F79EFBC}") = "wpf-ui-project", "wpf-ui-project.csproj", "{C56DC141-B4D5-4832-B381-F7F3474FE811}"
	ProjectSection(ProjectDependencies) = postProject
		{5D496EE8-E56E-4C7A-A4A7-312521259393} = {5D496EE8-E56E-4C7A-A4A7-312521259393}
	EndProjectSection
EndProject
Project("{8BC9CEB8-8B4A-11D0-8D11-00A0C91BC942}") = "dll-project", "..\dll-project\dll-project.vcxproj", "{5D496EE8-E56E-4C7A-A4A7-312521259393}"
EndProject
Global
	GlobalSection(SolutionConfigurationPlatforms) = preSolution
		Debug|Any CPU = Debug|Any CPU
		Debug|x64 = Debug|x64
		Debug|x86 = Debug|x86
		Release|Any CPU = Release|Any CPU
		Release|x64 = Release|x64
		Release|x86 = Release|x86
	EndGlobalSection
	GlobalSection(ProjectConfigurationPlatforms) = postSolution
		{C56DC141-B4D5-4832-B381-F7F3474FE811}.Debug|Any CPU.ActiveCfg = Debug|Any CPU
		{C56DC141-B4D5-4832-B381-F7F3474FE811}.Debug|Any CPU.Build.0 = Debug|Any CPU
		{C56DC141-B4D5-4832-B381-F7F3474FE811}.Debug|x64.ActiveCfg = Debug|Any CPU
		{C56DC141-B4D5-4832-B381-F7F3474FE811}.Debug|x64.Build.0 = Debug|Any CPU
		{C56DC141-B4D5-4832-B381-F7F3474FE811}.Debug|x86.ActiveCfg = Debug|Any CPU
		{C56DC141-B4D5-4832-B381-F7F3474FE811}.Debug|x86.Build.0 = Debug|Any CPU
		{C56DC141-B4D5-4832-B381-F7F3474FE811}.Release|Any CPU.ActiveCfg = Release|Any CPU
		{C56DC141-B4D5-4832-B381-F7F3474FE811}.Release|Any CPU.Build.0 = Release|Any CPU
		{C56DC141-B4D5-4832-B381-F7F3474FE811}.Release|x64.ActiveCfg = Release|Any CPU
		{C56DC141-B4D5-4832-B381-F7F3474FE811}.Release|x64.Build.0 = Release|Any CPU
		{C56DC141-B4D5-4832-B381-F7F3474FE811}.Release|x86.ActiveCfg = Release|Any CPU
		{C56DC141-B4D5-4832-B381-F7F3474FE811}.Release|x86.Build.0 = Release|Any CPU
		{5D496EE8-E56E-4C7A-A4A7-312521259393}.Debug|Any CPU.ActiveCfg = Debug|x64
		{5D496EE8-E56E-4C7A-A4A7-312521259393}.Debug|Any CPU.Build.0 = Debug|x64
		{5D496EE8-E56E-4C7A-A4A7-312521259393}.Debug|x64.ActiveCfg = Debug|x64
		{5D496EE8-E56E-4C7A-A4A7-312521259393}.Debug|x64.Build.0 = Debug|x64
		{5D496EE8-E56E-4C7A-A4A7-312521259393}.Debug|x86.ActiveCfg = Debug|Win32
		{5D496EE8-E56E-4C7A-A4A7-312521259393}.Debug|x86.Build.0 = Debug|Win32
		{5D496EE8-E56E-4C7A-A4A7-312521259393}.Release|Any CPU.ActiveCfg = Release|x64
		{5D496EE8-E56E-4C7A-A4A7-312521259393}.Release|Any CPU.Build.0 = Release|x64
		{5D496EE8-E56E-4C7A-A4A7-312521259393}.Release|x64.ActiveCfg = Release|x64
		{5D496EE8-E56E-4C7A-A4A7-312521259393}.Release|x64.Build.0 = Release|x64
		{5D496EE8-E56E-4C7A-A4A7-312521259393}.Release|x86.ActiveCfg = Release|Win32
		{5D496EE8-E56E-4C7A-A4A7-312521259393}.Release|x86.Build.0 = Release|Win32
	EndGlobalSection
	GlobalSection(SolutionProperties) = preSolution
		HideSolutionNode = FALSE
	EndGlobalSection
	GlobalSection(ExtensibilityGlobals) = postSolution
		SolutionGuid = {9B52C7B3-78BA-40CA-8A6C-F62B5E65626F}
	EndGlobalSection
EndGlobal
