
Microsoft Visual Studio Solution File, Format Version 12.00
# Visual Studio Version 17
VisualStudioVersion = 17.11.35219.272
MinimumVisualStudioVersion = 10.0.40219.1
Project("{FAE04EC0-301F-11D3-BF4B-00C04F79EFBC}") = "wpf-app", "wpf-app.csproj", "{24E435D4-BD50-4783-8DFC-697821BAD971}"
EndProject
Global
	GlobalSection(SolutionConfigurationPlatforms) = preSolution
		Debug|Any CPU = Debug|Any CPU
		Release|Any CPU = Release|Any CPU
	EndGlobalSection
	GlobalSection(ProjectConfigurationPlatforms) = postSolution
		{24E435D4-BD50-4783-8DFC-697821BAD971}.Debug|Any CPU.ActiveCfg = Debug|Any CPU
		{24E435D4-BD50-4783-8DFC-697821BAD971}.Debug|Any CPU.Build.0 = Debug|Any CPU
		{24E435D4-BD50-4783-8DFC-697821BAD971}.Release|Any CPU.ActiveCfg = Release|Any CPU
		{24E435D4-BD50-4783-8DFC-697821BAD971}.Release|Any CPU.Build.0 = Release|Any CPU
	EndGlobalSection
	GlobalSection(SolutionProperties) = preSolution
		HideSolutionNode = FALSE
	EndGlobalSection
	GlobalSection(ExtensibilityGlobals) = postSolution
		SolutionGuid = {F4A6C44F-406E-43D5-8467-A154E6B5C633}
	EndGlobalSection
EndGlobal
